
Microsoft Visual Studio Solution File, Format Version 12.00
Project("{FAE04EC0-301F-11D3-BF4B-00C04F79EFBC}") = "OOPIndexers", "OOPIndexers\OOPIndexers.csproj", "{A806E442-04E6-4B3F-B325-E7112EEB369C}"
EndProject
Project("{FAE04EC0-301F-11D3-BF4B-00C04F79EFBC}") = "OOPPartialTypes", "OOPPartialTypes\OOPPartialTypes.csproj", "{090E9926-5344-4ECD-987E-54616A6066B2}"
EndProject
Project("{FAE04EC0-301F-11D3-BF4B-00C04F79EFBC}") = "OOPStructs", "OOPStructs\OOPStructs.csproj", "{C80968CC-D542-4BF2-9457-807D52742606}"
EndProject
Project("{FAE04EC0-301F-11D3-BF4B-00C04F79EFBC}") = "OOPEnums", "OOPEnums\OOPEnums.csproj", "{F80ECAF3-3E7F-49C1-858F-EB5F4F595ABC}"
EndProject
Project("{FAE04EC0-301F-11D3-BF4B-00C04F79EFBC}") = "OOPInterfaces", "OOPInterfaces\OOPInterfaces.csproj", "{8AB022E2-BCEA-4C17-B8AE-C8E9D0E1D72D}"
EndProject
Project("{FAE04EC0-301F-11D3-BF4B-00C04F79EFBC}") = "OOPEvents", "OOPEvents\OOPEvents.csproj", "{8BD3E7CA-83AE-4644-B458-832A6F8A3080}"
EndProject
Project("{FAE04EC0-301F-11D3-BF4B-00C04F79EFBC}") = "OOPStandardEventPattern", "OOPStandardEventPattern\OOPStandardEventPattern.csproj", "{686A1499-C620-4653-BFF5-E429E640EA7F}"
EndProject
Project("{FAE04EC0-301F-11D3-BF4B-00C04F79EFBC}") = "OOPDelegates", "OOPDelegates\OOPDelegates.csproj", "{2335361B-749D-49E5-B713-4AFA778B308E}"
EndProject
Global
	GlobalSection(SolutionConfigurationPlatforms) = preSolution
		Debug|Any CPU = Debug|Any CPU
		Release|Any CPU = Release|Any CPU
	EndGlobalSection
	GlobalSection(ProjectConfigurationPlatforms) = postSolution
		{A806E442-04E6-4B3F-B325-E7112EEB369C}.Debug|Any CPU.ActiveCfg = Debug|Any CPU
		{A806E442-04E6-4B3F-B325-E7112EEB369C}.Debug|Any CPU.Build.0 = Debug|Any CPU
		{A806E442-04E6-4B3F-B325-E7112EEB369C}.Release|Any CPU.ActiveCfg = Release|Any CPU
		{A806E442-04E6-4B3F-B325-E7112EEB369C}.Release|Any CPU.Build.0 = Release|Any CPU
		{090E9926-5344-4ECD-987E-54616A6066B2}.Debug|Any CPU.ActiveCfg = Debug|Any CPU
		{090E9926-5344-4ECD-987E-54616A6066B2}.Debug|Any CPU.Build.0 = Debug|Any CPU
		{090E9926-5344-4ECD-987E-54616A6066B2}.Release|Any CPU.ActiveCfg = Release|Any CPU
		{090E9926-5344-4ECD-987E-54616A6066B2}.Release|Any CPU.Build.0 = Release|Any CPU
		{C80968CC-D542-4BF2-9457-807D52742606}.Debug|Any CPU.ActiveCfg = Debug|Any CPU
		{C80968CC-D542-4BF2-9457-807D52742606}.Debug|Any CPU.Build.0 = Debug|Any CPU
		{C80968CC-D542-4BF2-9457-807D52742606}.Release|Any CPU.ActiveCfg = Release|Any CPU
		{C80968CC-D542-4BF2-9457-807D52742606}.Release|Any CPU.Build.0 = Release|Any CPU
		{F80ECAF3-3E7F-49C1-858F-EB5F4F595ABC}.Debug|Any CPU.ActiveCfg = Debug|Any CPU
		{F80ECAF3-3E7F-49C1-858F-EB5F4F595ABC}.Debug|Any CPU.Build.0 = Debug|Any CPU
		{F80ECAF3-3E7F-49C1-858F-EB5F4F595ABC}.Release|Any CPU.ActiveCfg = Release|Any CPU
		{F80ECAF3-3E7F-49C1-858F-EB5F4F595ABC}.Release|Any CPU.Build.0 = Release|Any CPU
		{8AB022E2-BCEA-4C17-B8AE-C8E9D0E1D72D}.Debug|Any CPU.ActiveCfg = Debug|Any CPU
		{8AB022E2-BCEA-4C17-B8AE-C8E9D0E1D72D}.Debug|Any CPU.Build.0 = Debug|Any CPU
		{8AB022E2-BCEA-4C17-B8AE-C8E9D0E1D72D}.Release|Any CPU.ActiveCfg = Release|Any CPU
		{8AB022E2-BCEA-4C17-B8AE-C8E9D0E1D72D}.Release|Any CPU.Build.0 = Release|Any CPU
		{8BD3E7CA-83AE-4644-B458-832A6F8A3080}.Debug|Any CPU.ActiveCfg = Debug|Any CPU
		{8BD3E7CA-83AE-4644-B458-832A6F8A3080}.Debug|Any CPU.Build.0 = Debug|Any CPU
		{8BD3E7CA-83AE-4644-B458-832A6F8A3080}.Release|Any CPU.ActiveCfg = Release|Any CPU
		{8BD3E7CA-83AE-4644-B458-832A6F8A3080}.Release|Any CPU.Build.0 = Release|Any CPU
		{686A1499-C620-4653-BFF5-E429E640EA7F}.Debug|Any CPU.ActiveCfg = Debug|Any CPU
		{686A1499-C620-4653-BFF5-E429E640EA7F}.Debug|Any CPU.Build.0 = Debug|Any CPU
		{686A1499-C620-4653-BFF5-E429E640EA7F}.Release|Any CPU.ActiveCfg = Release|Any CPU
		{686A1499-C620-4653-BFF5-E429E640EA7F}.Release|Any CPU.Build.0 = Release|Any CPU
		{2335361B-749D-49E5-B713-4AFA778B308E}.Debug|Any CPU.ActiveCfg = Debug|Any CPU
		{2335361B-749D-49E5-B713-4AFA778B308E}.Debug|Any CPU.Build.0 = Debug|Any CPU
		{2335361B-749D-49E5-B713-4AFA778B308E}.Release|Any CPU.ActiveCfg = Release|Any CPU
		{2335361B-749D-49E5-B713-4AFA778B308E}.Release|Any CPU.Build.0 = Release|Any CPU
	EndGlobalSection
EndGlobal
